# THIS IS AN AUTOGENERATED FILE. DO NOT EDIT THIS FILE DIRECTLY.
# yarn lockfile v1


esbuild@^0.8.42:
  version "0.8.42"
  resolved "https://registry.yarnpkg.com/esbuild/-/esbuild-0.8.42.tgz#26101cf17fe4c4602c7c767e3177cf0c538073ac"
  integrity sha512-zUtj5RMqROCCCH0vV/a7cd8YQg8I0GWBhV3A3PklWRT+oM/YwVbnrtFnITzE1otGdnXplWHWdZ4OcYiV0PN+JQ==

typescript@^4.1.3:
  version "4.1.3"
  resolved "https://registry.yarnpkg.com/typescript/-/typescript-4.1.3.tgz#519d582bd94cba0cf8934c7d8e8467e473f53bb7"
  integrity sha512-B3ZIOf1IKeH2ixgHhj6la6xdwR9QrLC5d1VKeCSY4tvkqhF2eqd9O7txNlS0PO3GrBAFIdr3L1ndNwteUbZLYg==
